
Microsoft Visual Studio Solution File, Format Version 12.00
# Visual Studio Version 16
VisualStudioVersion = 16.0.29613.14
MinimumVisualStudioVersion = 10.0.40219.1
Project("{FAE04EC0-301F-11D3-BF4B-00C04F79EFBC}") = "CarsBackend", "CarsBackend\CarsBackend.csproj", "{BF412ADB-33BA-463E-A7E9-8E0ED3BB99AD}"
EndProject
Global
	GlobalSection(SolutionConfigurationPlatforms) = preSolution
		Debug|Any CPU = Debug|Any CPU
		Release|Any CPU = Release|Any CPU
	EndGlobalSection
	GlobalSection(ProjectConfigurationPlatforms) = postSolution
		{BF412ADB-33BA-463E-A7E9-8E0ED3BB99AD}.Debug|Any CPU.ActiveCfg = Debug|Any CPU
		{BF412ADB-33BA-463E-A7E9-8E0ED3BB99AD}.Debug|Any CPU.Build.0 = Debug|Any CPU
		{BF412ADB-33BA-463E-A7E9-8E0ED3BB99AD}.Release|Any CPU.ActiveCfg = Release|Any CPU
		{BF412ADB-33BA-463E-A7E9-8E0ED3BB99AD}.Release|Any CPU.Build.0 = Release|Any CPU
	EndGlobalSection
	GlobalSection(SolutionProperties) = preSolution
		HideSolutionNode = FALSE
	EndGlobalSection
	GlobalSection(ExtensibilityGlobals) = postSolution
		SolutionGuid = {25B99FF7-B0C2-41CF-98F2-5D05C5B96916}
	EndGlobalSection
EndGlobal
